// !$*UTF8*$!
{
	archiveVersion = 1;
	classes = {
	};
	objectVersion = 46;
	objects = {

/* Begin PBXBuildFile section */
		27527E861D9ED55300C97B25 /* Music.framework in Frameworks */ = {isa = PBXBuildFile; fileRef = 27527E7C1D9ED55300C97B25 /* Music.framework */; };
		275E65741EB61731006BAA07 /* MusicClef+Equatable.swift in Sources */ = {isa = PBXBuildFile; fileRef = 275E65731EB61731006BAA07 /* MusicClef+Equatable.swift */; };
		27A3506A1E96E72300344087 /* MusicChord.swift in Sources */ = {isa = PBXBuildFile; fileRef = 27A350661E96E72300344087 /* MusicChord.swift */; };
		27A3506B1E96E72300344087 /* MusicChord+Equatable.swift in Sources */ = {isa = PBXBuildFile; fileRef = 27A350671E96E72300344087 /* MusicChord+Equatable.swift */; };
		27A3506C1E96E72300344087 /* MusicChordType.swift in Sources */ = {isa = PBXBuildFile; fileRef = 27A350681E96E72300344087 /* MusicChordType.swift */; };
		27A3506D1E96E72300344087 /* MusicChordType+Equatable.swift in Sources */ = {isa = PBXBuildFile; fileRef = 27A350691E96E72300344087 /* MusicChordType+Equatable.swift */; };
		27A3506F1E96E73900344087 /* MusicClef.swift in Sources */ = {isa = PBXBuildFile; fileRef = 27A3506E1E96E73900344087 /* MusicClef.swift */; };
		27A350711E96E74C00344087 /* Music.h in Headers */ = {isa = PBXBuildFile; fileRef = 27A350701E96E74C00344087 /* Music.h */; settings = {ATTRIBUTES = (Public, ); }; };
		27A350831E96E75B00344087 /* MusicInterval.swift in Sources */ = {isa = PBXBuildFile; fileRef = 27A350721E96E75B00344087 /* MusicInterval.swift */; };
		27A350841E96E75B00344087 /* MusicInterval+Equatable.swift in Sources */ = {isa = PBXBuildFile; fileRef = 27A350731E96E75B00344087 /* MusicInterval+Equatable.swift */; };
		27A350851E96E75B00344087 /* MusicIntervalError.swift in Sources */ = {isa = PBXBuildFile; fileRef = 27A350741E96E75B00344087 /* MusicIntervalError.swift */; };
		27A350861E96E75B00344087 /* MusicIntervalQuality.swift in Sources */ = {isa = PBXBuildFile; fileRef = 27A350751E96E75B00344087 /* MusicIntervalQuality.swift */; };
		27A350871E96E75B00344087 /* MusicIntervalQuantity.swift in Sources */ = {isa = PBXBuildFile; fileRef = 27A350761E96E75B00344087 /* MusicIntervalQuantity.swift */; };
		27A350881E96E75B00344087 /* MusicIntervalRepresentable.swift in Sources */ = {isa = PBXBuildFile; fileRef = 27A350771E96E75B00344087 /* MusicIntervalRepresentable.swift */; };
		27A350891E96E75B00344087 /* MusicKeySignature.swift in Sources */ = {isa = PBXBuildFile; fileRef = 27A350781E96E75B00344087 /* MusicKeySignature.swift */; };
		27A3508A1E96E75B00344087 /* MusicPitchAccidental.swift in Sources */ = {isa = PBXBuildFile; fileRef = 27A350791E96E75B00344087 /* MusicPitchAccidental.swift */; };
		27A3508B1E96E75B00344087 /* MusicNote.swift in Sources */ = {isa = PBXBuildFile; fileRef = 27A3507A1E96E75B00344087 /* MusicNote.swift */; };
		27A3508C1E96E75B00344087 /* MusicPitch.swift in Sources */ = {isa = PBXBuildFile; fileRef = 27A3507B1E96E75B00344087 /* MusicPitch.swift */; };
		27A3508D1E96E75B00344087 /* MusicPitch+Transposable.swift in Sources */ = {isa = PBXBuildFile; fileRef = 27A3507C1E96E75B00344087 /* MusicPitch+Transposable.swift */; };
		27A3508E1E96E75B00344087 /* MusicAccidental.swift in Sources */ = {isa = PBXBuildFile; fileRef = 27A3507D1E96E75B00344087 /* MusicAccidental.swift */; };
		27A3508F1E96E75B00344087 /* MusicPitchCollection.swift in Sources */ = {isa = PBXBuildFile; fileRef = 27A3507E1E96E75B00344087 /* MusicPitchCollection.swift */; };
		27A350901E96E75B00344087 /* MusicPitchName.swift in Sources */ = {isa = PBXBuildFile; fileRef = 27A3507F1E96E75B00344087 /* MusicPitchName.swift */; };
		27A350911E96E75B00344087 /* MusicScale.swift in Sources */ = {isa = PBXBuildFile; fileRef = 27A350801E96E75B00344087 /* MusicScale.swift */; };
		27A350921E96E75B00344087 /* MusicScaleMode.swift in Sources */ = {isa = PBXBuildFile; fileRef = 27A350811E96E75B00344087 /* MusicScaleMode.swift */; };
		27A350931E96E75B00344087 /* MusicTransposable.swift in Sources */ = {isa = PBXBuildFile; fileRef = 27A350821E96E75B00344087 /* MusicTransposable.swift */; };
		27A3509D1E96E8D600344087 /* Info.plist in Resources */ = {isa = PBXBuildFile; fileRef = 27A350961E96E8D600344087 /* Info.plist */; };
		27A350A41E96E93A00344087 /* MusicScaleTests.swift in Sources */ = {isa = PBXBuildFile; fileRef = 27A3509C1E96E8D600344087 /* MusicScaleTests.swift */; };
		27A350A51E96E94000344087 /* MusicKeySignatureTests.swift in Sources */ = {isa = PBXBuildFile; fileRef = 27A3509A1E96E8D600344087 /* MusicKeySignatureTests.swift */; };
		27A350A61E96E94400344087 /* MusicChordTests.swift in Sources */ = {isa = PBXBuildFile; fileRef = 27A350971E96E8D600344087 /* MusicChordTests.swift */; };
		27A350A71E96E94800344087 /* MusicIntervalTests.swift in Sources */ = {isa = PBXBuildFile; fileRef = 27A350991E96E8D600344087 /* MusicIntervalTests.swift */; };
		27A350A81E96E94D00344087 /* MusicClefTests.swift in Sources */ = {isa = PBXBuildFile; fileRef = 27A350981E96E8D600344087 /* MusicClefTests.swift */; };
		27A350A91E96E95100344087 /* MusicPitchTests.swift in Sources */ = {isa = PBXBuildFile; fileRef = 27A3509B1E96E8D600344087 /* MusicPitchTests.swift */; };
		27A350B01E96EAF000344087 /* MusicRhythmTests.swift in Sources */ = {isa = PBXBuildFile; fileRef = 27A350AE1E96EAE800344087 /* MusicRhythmTests.swift */; };
		27A350B21E96EB2900344087 /* MusicRhythm.swift in Sources */ = {isa = PBXBuildFile; fileRef = 27A350B11E96EB2900344087 /* MusicRhythm.swift */; };
		27B09D721FFD531B00EFEB0E /* MusicNote+Hashable.swift in Sources */ = {isa = PBXBuildFile; fileRef = 27B09D711FFD531B00EFEB0E /* MusicNote+Hashable.swift */; };
		27B09D741FFD55F400EFEB0E /* MusicPitchExtensions.swift in Sources */ = {isa = PBXBuildFile; fileRef = 27B09D731FFD55F400EFEB0E /* MusicPitchExtensions.swift */; };
		27BB738F1FFD6BD1008A6EF8 /* MidiDecoderTests.swift in Sources */ = {isa = PBXBuildFile; fileRef = 27BB738E1FFD6BD1008A6EF8 /* MidiDecoderTests.swift */; };
		27F8F0832017A8FB001B1CFD /* MusicTimeSignatureTests.swift in Sources */ = {isa = PBXBuildFile; fileRef = 27F8F0822017A8FB001B1CFD /* MusicTimeSignatureTests.swift */; };
		27FCC9BD200C1CE2003991FA /* MusicTimeSignature.swift in Sources */ = {isa = PBXBuildFile; fileRef = 27FCC9BC200C1CE2003991FA /* MusicTimeSignature.swift */; };
/* End PBXBuildFile section */

/* Begin PBXContainerItemProxy section */
		27527E871D9ED55300C97B25 /* PBXContainerItemProxy */ = {
			isa = PBXContainerItemProxy;
			containerPortal = 27527E731D9ED55300C97B25 /* Project object */;
			proxyType = 1;
			remoteGlobalIDString = 27527E7B1D9ED55300C97B25;
			remoteInfo = MusicStaffView;
		};
/* End PBXContainerItemProxy section */

/* Begin PBXFileReference section */
		27527E7C1D9ED55300C97B25 /* Music.framework */ = {isa = PBXFileReference; explicitFileType = wrapper.framework; includeInIndex = 0; path = Music.framework; sourceTree = BUILT_PRODUCTS_DIR; };
		27527E851D9ED55300C97B25 /* MusicTests.xctest */ = {isa = PBXFileReference; explicitFileType = wrapper.cfbundle; includeInIndex = 0; path = MusicTests.xctest; sourceTree = BUILT_PRODUCTS_DIR; };
		275E65731EB61731006BAA07 /* MusicClef+Equatable.swift */ = {isa = PBXFileReference; fileEncoding = 4; lastKnownFileType = sourcecode.swift; path = "MusicClef+Equatable.swift"; sourceTree = "<group>"; };
		27A350661E96E72300344087 /* MusicChord.swift */ = {isa = PBXFileReference; fileEncoding = 4; lastKnownFileType = sourcecode.swift; lineEnding = 0; path = MusicChord.swift; sourceTree = "<group>"; xcLanguageSpecificationIdentifier = xcode.lang.swift; };
		27A350671E96E72300344087 /* MusicChord+Equatable.swift */ = {isa = PBXFileReference; fileEncoding = 4; lastKnownFileType = sourcecode.swift; lineEnding = 0; path = "MusicChord+Equatable.swift"; sourceTree = "<group>"; xcLanguageSpecificationIdentifier = xcode.lang.swift; };
		27A350681E96E72300344087 /* MusicChordType.swift */ = {isa = PBXFileReference; fileEncoding = 4; lastKnownFileType = sourcecode.swift; lineEnding = 0; path = MusicChordType.swift; sourceTree = "<group>"; xcLanguageSpecificationIdentifier = xcode.lang.swift; };
		27A350691E96E72300344087 /* MusicChordType+Equatable.swift */ = {isa = PBXFileReference; fileEncoding = 4; lastKnownFileType = sourcecode.swift; lineEnding = 0; path = "MusicChordType+Equatable.swift"; sourceTree = "<group>"; xcLanguageSpecificationIdentifier = xcode.lang.swift; };
		27A3506E1E96E73900344087 /* MusicClef.swift */ = {isa = PBXFileReference; fileEncoding = 4; lastKnownFileType = sourcecode.swift; lineEnding = 0; path = MusicClef.swift; sourceTree = "<group>"; xcLanguageSpecificationIdentifier = xcode.lang.swift; };
		27A350701E96E74C00344087 /* Music.h */ = {isa = PBXFileReference; fileEncoding = 4; lastKnownFileType = sourcecode.c.h; lineEnding = 0; name = Music.h; path = Music/Music.h; sourceTree = "<group>"; xcLanguageSpecificationIdentifier = xcode.lang.objcpp; };
		27A350721E96E75B00344087 /* MusicInterval.swift */ = {isa = PBXFileReference; fileEncoding = 4; lastKnownFileType = sourcecode.swift; lineEnding = 0; path = MusicInterval.swift; sourceTree = "<group>"; xcLanguageSpecificationIdentifier = xcode.lang.swift; };
		27A350731E96E75B00344087 /* MusicInterval+Equatable.swift */ = {isa = PBXFileReference; fileEncoding = 4; lastKnownFileType = sourcecode.swift; lineEnding = 0; path = "MusicInterval+Equatable.swift"; sourceTree = "<group>"; xcLanguageSpecificationIdentifier = xcode.lang.swift; };
		27A350741E96E75B00344087 /* MusicIntervalError.swift */ = {isa = PBXFileReference; fileEncoding = 4; lastKnownFileType = sourcecode.swift; lineEnding = 0; path = MusicIntervalError.swift; sourceTree = "<group>"; xcLanguageSpecificationIdentifier = xcode.lang.swift; };
		27A350751E96E75B00344087 /* MusicIntervalQuality.swift */ = {isa = PBXFileReference; fileEncoding = 4; lastKnownFileType = sourcecode.swift; lineEnding = 0; path = MusicIntervalQuality.swift; sourceTree = "<group>"; xcLanguageSpecificationIdentifier = xcode.lang.swift; };
		27A350761E96E75B00344087 /* MusicIntervalQuantity.swift */ = {isa = PBXFileReference; fileEncoding = 4; lastKnownFileType = sourcecode.swift; lineEnding = 0; path = MusicIntervalQuantity.swift; sourceTree = "<group>"; xcLanguageSpecificationIdentifier = xcode.lang.swift; };
		27A350771E96E75B00344087 /* MusicIntervalRepresentable.swift */ = {isa = PBXFileReference; fileEncoding = 4; lastKnownFileType = sourcecode.swift; lineEnding = 0; path = MusicIntervalRepresentable.swift; sourceTree = "<group>"; xcLanguageSpecificationIdentifier = xcode.lang.swift; };
		27A350781E96E75B00344087 /* MusicKeySignature.swift */ = {isa = PBXFileReference; fileEncoding = 4; lastKnownFileType = sourcecode.swift; lineEnding = 0; path = MusicKeySignature.swift; sourceTree = "<group>"; xcLanguageSpecificationIdentifier = xcode.lang.swift; };
		27A350791E96E75B00344087 /* MusicPitchAccidental.swift */ = {isa = PBXFileReference; fileEncoding = 4; lastKnownFileType = sourcecode.swift; lineEnding = 0; path = MusicPitchAccidental.swift; sourceTree = "<group>"; xcLanguageSpecificationIdentifier = xcode.lang.swift; };
		27A3507A1E96E75B00344087 /* MusicNote.swift */ = {isa = PBXFileReference; fileEncoding = 4; lastKnownFileType = sourcecode.swift; path = MusicNote.swift; sourceTree = "<group>"; };
		27A3507B1E96E75B00344087 /* MusicPitch.swift */ = {isa = PBXFileReference; fileEncoding = 4; lastKnownFileType = sourcecode.swift; lineEnding = 0; path = MusicPitch.swift; sourceTree = "<group>"; xcLanguageSpecificationIdentifier = xcode.lang.swift; };
		27A3507C1E96E75B00344087 /* MusicPitch+Transposable.swift */ = {isa = PBXFileReference; fileEncoding = 4; lastKnownFileType = sourcecode.swift; lineEnding = 0; path = "MusicPitch+Transposable.swift"; sourceTree = "<group>"; xcLanguageSpecificationIdentifier = xcode.lang.swift; };
		27A3507D1E96E75B00344087 /* MusicAccidental.swift */ = {isa = PBXFileReference; fileEncoding = 4; lastKnownFileType = sourcecode.swift; lineEnding = 0; path = MusicAccidental.swift; sourceTree = "<group>"; xcLanguageSpecificationIdentifier = xcode.lang.swift; };
		27A3507E1E96E75B00344087 /* MusicPitchCollection.swift */ = {isa = PBXFileReference; fileEncoding = 4; lastKnownFileType = sourcecode.swift; lineEnding = 0; path = MusicPitchCollection.swift; sourceTree = "<group>"; xcLanguageSpecificationIdentifier = xcode.lang.swift; };
		27A3507F1E96E75B00344087 /* MusicPitchName.swift */ = {isa = PBXFileReference; fileEncoding = 4; lastKnownFileType = sourcecode.swift; lineEnding = 0; path = MusicPitchName.swift; sourceTree = "<group>"; xcLanguageSpecificationIdentifier = xcode.lang.swift; };
		27A350801E96E75B00344087 /* MusicScale.swift */ = {isa = PBXFileReference; fileEncoding = 4; lastKnownFileType = sourcecode.swift; lineEnding = 0; path = MusicScale.swift; sourceTree = "<group>"; xcLanguageSpecificationIdentifier = xcode.lang.swift; };
		27A350811E96E75B00344087 /* MusicScaleMode.swift */ = {isa = PBXFileReference; fileEncoding = 4; lastKnownFileType = sourcecode.swift; lineEnding = 0; path = MusicScaleMode.swift; sourceTree = "<group>"; xcLanguageSpecificationIdentifier = xcode.lang.swift; };
		27A350821E96E75B00344087 /* MusicTransposable.swift */ = {isa = PBXFileReference; fileEncoding = 4; lastKnownFileType = sourcecode.swift; lineEnding = 0; path = MusicTransposable.swift; sourceTree = "<group>"; xcLanguageSpecificationIdentifier = xcode.lang.swift; };
		27A350941E96E7B400344087 /* Info.plist */ = {isa = PBXFileReference; fileEncoding = 4; lastKnownFileType = text.plist.xml; name = Info.plist; path = Music/Info.plist; sourceTree = "<group>"; };
		27A350961E96E8D600344087 /* Info.plist */ = {isa = PBXFileReference; fileEncoding = 4; lastKnownFileType = text.plist.xml; name = Info.plist; path = MusicTests/Info.plist; sourceTree = SOURCE_ROOT; };
		27A350971E96E8D600344087 /* MusicChordTests.swift */ = {isa = PBXFileReference; fileEncoding = 4; lastKnownFileType = sourcecode.swift; lineEnding = 0; name = MusicChordTests.swift; path = MusicTests/MusicChordTests.swift; sourceTree = SOURCE_ROOT; xcLanguageSpecificationIdentifier = xcode.lang.swift; };
		27A350981E96E8D600344087 /* MusicClefTests.swift */ = {isa = PBXFileReference; fileEncoding = 4; lastKnownFileType = sourcecode.swift; lineEnding = 0; name = MusicClefTests.swift; path = MusicTests/MusicClefTests.swift; sourceTree = SOURCE_ROOT; xcLanguageSpecificationIdentifier = xcode.lang.swift; };
		27A350991E96E8D600344087 /* MusicIntervalTests.swift */ = {isa = PBXFileReference; fileEncoding = 4; lastKnownFileType = sourcecode.swift; lineEnding = 0; name = MusicIntervalTests.swift; path = MusicTests/MusicIntervalTests.swift; sourceTree = SOURCE_ROOT; xcLanguageSpecificationIdentifier = xcode.lang.swift; };
		27A3509A1E96E8D600344087 /* MusicKeySignatureTests.swift */ = {isa = PBXFileReference; fileEncoding = 4; lastKnownFileType = sourcecode.swift; lineEnding = 0; name = MusicKeySignatureTests.swift; path = MusicTests/MusicKeySignatureTests.swift; sourceTree = SOURCE_ROOT; xcLanguageSpecificationIdentifier = xcode.lang.swift; };
		27A3509B1E96E8D600344087 /* MusicPitchTests.swift */ = {isa = PBXFileReference; fileEncoding = 4; lastKnownFileType = sourcecode.swift; lineEnding = 0; name = MusicPitchTests.swift; path = MusicTests/MusicPitchTests.swift; sourceTree = SOURCE_ROOT; xcLanguageSpecificationIdentifier = xcode.lang.swift; };
		27A3509C1E96E8D600344087 /* MusicScaleTests.swift */ = {isa = PBXFileReference; fileEncoding = 4; lastKnownFileType = sourcecode.swift; lineEnding = 0; name = MusicScaleTests.swift; path = MusicTests/MusicScaleTests.swift; sourceTree = SOURCE_ROOT; xcLanguageSpecificationIdentifier = xcode.lang.swift; };
		27A350AE1E96EAE800344087 /* MusicRhythmTests.swift */ = {isa = PBXFileReference; fileEncoding = 4; lastKnownFileType = sourcecode.swift; name = MusicRhythmTests.swift; path = MusicTests/MusicRhythmTests.swift; sourceTree = SOURCE_ROOT; };
		27A350B11E96EB2900344087 /* MusicRhythm.swift */ = {isa = PBXFileReference; fileEncoding = 4; lastKnownFileType = sourcecode.swift; path = MusicRhythm.swift; sourceTree = "<group>"; };
		27B09D711FFD531B00EFEB0E /* MusicNote+Hashable.swift */ = {isa = PBXFileReference; lastKnownFileType = sourcecode.swift; path = "MusicNote+Hashable.swift"; sourceTree = "<group>"; };
		27B09D731FFD55F400EFEB0E /* MusicPitchExtensions.swift */ = {isa = PBXFileReference; lastKnownFileType = sourcecode.swift; path = MusicPitchExtensions.swift; sourceTree = "<group>"; };
		27BB738E1FFD6BD1008A6EF8 /* MidiDecoderTests.swift */ = {isa = PBXFileReference; lastKnownFileType = sourcecode.swift; name = MidiDecoderTests.swift; path = MusicPitch/MidiDecoderTests.swift; sourceTree = SOURCE_ROOT; };
		27F8F0822017A8FB001B1CFD /* MusicTimeSignatureTests.swift */ = {isa = PBXFileReference; lastKnownFileType = sourcecode.swift; path = MusicTimeSignatureTests.swift; sourceTree = "<group>"; };
		27FCC9BC200C1CE2003991FA /* MusicTimeSignature.swift */ = {isa = PBXFileReference; lastKnownFileType = sourcecode.swift; path = MusicTimeSignature.swift; sourceTree = "<group>"; };
/* End PBXFileReference section */

/* Begin PBXFrameworksBuildPhase section */
		27527E781D9ED55300C97B25 /* Frameworks */ = {
			isa = PBXFrameworksBuildPhase;
			buildActionMask = 2147483647;
			files = (
			);
			runOnlyForDeploymentPostprocessing = 0;
		};
		27527E821D9ED55300C97B25 /* Frameworks */ = {
			isa = PBXFrameworksBuildPhase;
			buildActionMask = 2147483647;
			files = (
				27527E861D9ED55300C97B25 /* Music.framework in Frameworks */,
			);
			runOnlyForDeploymentPostprocessing = 0;
		};
/* End PBXFrameworksBuildPhase section */

/* Begin PBXGroup section */
		27527E721D9ED55300C97B25 = {
			isa = PBXGroup;
			children = (
				27527E7E1D9ED55300C97B25 /* Music */,
				27527E891D9ED55300C97B25 /* MusicTests */,
				27527E7D1D9ED55300C97B25 /* Products */,
			);
			sourceTree = "<group>";
		};
		27527E7D1D9ED55300C97B25 /* Products */ = {
			isa = PBXGroup;
			children = (
				27527E7C1D9ED55300C97B25 /* Music.framework */,
				27527E851D9ED55300C97B25 /* MusicTests.xctest */,
			);
			name = Products;
			sourceTree = "<group>";
		};
		27527E7E1D9ED55300C97B25 /* Music */ = {
			isa = PBXGroup;
			children = (
				27A350701E96E74C00344087 /* Music.h */,
				27B09D681FFD515A00EFEB0E /* Protocols */,
				27B09D6B1FFD521800EFEB0E /* MusicPitch */,
				27B09D6C1FFD524500EFEB0E /* MusicRhythm */,
				27B09D6F1FFD529700EFEB0E /* MusicNote */,
				27B09D701FFD52A100EFEB0E /* MusicKeySignature */,
				27B09D6D1FFD525900EFEB0E /* MusicInterval */,
				27B09D691FFD51C100EFEB0E /* MusicClef */,
				27B09D6E1FFD527E00EFEB0E /* MusicScale */,
				27B09D6A1FFD51F100EFEB0E /* MusicChord */,
				27FCC9BB200C1CBA003991FA /* MusicTimeSignature */,
				27A350941E96E7B400344087 /* Info.plist */,
			);
			name = Music;
			sourceTree = "<group>";
		};
		27527E891D9ED55300C97B25 /* MusicTests */ = {
			isa = PBXGroup;
			children = (
				27A3509B1E96E8D600344087 /* MusicPitchTests.swift */,
				27A350971E96E8D600344087 /* MusicChordTests.swift */,
				27A350981E96E8D600344087 /* MusicClefTests.swift */,
				27A350991E96E8D600344087 /* MusicIntervalTests.swift */,
				27A3509A1E96E8D600344087 /* MusicKeySignatureTests.swift */,
				27A3509C1E96E8D600344087 /* MusicScaleTests.swift */,
				27A350AE1E96EAE800344087 /* MusicRhythmTests.swift */,
				27F8F0822017A8FB001B1CFD /* MusicTimeSignatureTests.swift */,
				27BB738E1FFD6BD1008A6EF8 /* MidiDecoderTests.swift */,
				27A350961E96E8D600344087 /* Info.plist */,
			);
			path = MusicTests;
			sourceTree = "<group>";
		};
		27B09D681FFD515A00EFEB0E /* Protocols */ = {
			isa = PBXGroup;
			children = (
				27A350771E96E75B00344087 /* MusicIntervalRepresentable.swift */,
				27A3507E1E96E75B00344087 /* MusicPitchCollection.swift */,
				27A350821E96E75B00344087 /* MusicTransposable.swift */,
			);
			path = Protocols;
			sourceTree = "<group>";
		};
		27B09D691FFD51C100EFEB0E /* MusicClef */ = {
			isa = PBXGroup;
			children = (
				27A3506E1E96E73900344087 /* MusicClef.swift */,
				275E65731EB61731006BAA07 /* MusicClef+Equatable.swift */,
			);
			path = MusicClef;
			sourceTree = "<group>";
		};
		27B09D6A1FFD51F100EFEB0E /* MusicChord */ = {
			isa = PBXGroup;
			children = (
				27A350661E96E72300344087 /* MusicChord.swift */,
				27A350671E96E72300344087 /* MusicChord+Equatable.swift */,
				27A350681E96E72300344087 /* MusicChordType.swift */,
				27A350691E96E72300344087 /* MusicChordType+Equatable.swift */,
			);
			path = MusicChord;
			sourceTree = "<group>";
		};
		27B09D6B1FFD521800EFEB0E /* MusicPitch */ = {
			isa = PBXGroup;
			children = (
				27A3507B1E96E75B00344087 /* MusicPitch.swift */,
				27B09D731FFD55F400EFEB0E /* MusicPitchExtensions.swift */,
				27A3507F1E96E75B00344087 /* MusicPitchName.swift */,
				27A350791E96E75B00344087 /* MusicPitchAccidental.swift */,
				27A3507D1E96E75B00344087 /* MusicAccidental.swift */,
				27A3507C1E96E75B00344087 /* MusicPitch+Transposable.swift */,
			);
			path = MusicPitch;
			sourceTree = "<group>";
		};
		27B09D6C1FFD524500EFEB0E /* MusicRhythm */ = {
			isa = PBXGroup;
			children = (
				27A350B11E96EB2900344087 /* MusicRhythm.swift */,
			);
			path = MusicRhythm;
			sourceTree = "<group>";
		};
		27B09D6D1FFD525900EFEB0E /* MusicInterval */ = {
			isa = PBXGroup;
			children = (
				27A350731E96E75B00344087 /* MusicInterval+Equatable.swift */,
				27A350741E96E75B00344087 /* MusicIntervalError.swift */,
				27A350751E96E75B00344087 /* MusicIntervalQuality.swift */,
				27A350761E96E75B00344087 /* MusicIntervalQuantity.swift */,
				27A350721E96E75B00344087 /* MusicInterval.swift */,
			);
			path = MusicInterval;
			sourceTree = "<group>";
		};
		27B09D6E1FFD527E00EFEB0E /* MusicScale */ = {
			isa = PBXGroup;
			children = (
				27A350801E96E75B00344087 /* MusicScale.swift */,
				27A350811E96E75B00344087 /* MusicScaleMode.swift */,
			);
			path = MusicScale;
			sourceTree = "<group>";
		};
		27B09D6F1FFD529700EFEB0E /* MusicNote */ = {
			isa = PBXGroup;
			children = (
				27A3507A1E96E75B00344087 /* MusicNote.swift */,
				27B09D711FFD531B00EFEB0E /* MusicNote+Hashable.swift */,
			);
			path = MusicNote;
			sourceTree = "<group>";
		};
		27B09D701FFD52A100EFEB0E /* MusicKeySignature */ = {
			isa = PBXGroup;
			children = (
				27A350781E96E75B00344087 /* MusicKeySignature.swift */,
			);
			path = MusicKeySignature;
			sourceTree = "<group>";
		};
		27FCC9BB200C1CBA003991FA /* MusicTimeSignature */ = {
			isa = PBXGroup;
			children = (
				27FCC9BC200C1CE2003991FA /* MusicTimeSignature.swift */,
			);
			path = MusicTimeSignature;
			sourceTree = "<group>";
		};
/* End PBXGroup section */

/* Begin PBXHeadersBuildPhase section */
		27527E791D9ED55300C97B25 /* Headers */ = {
			isa = PBXHeadersBuildPhase;
			buildActionMask = 2147483647;
			files = (
				27A350711E96E74C00344087 /* Music.h in Headers */,
			);
			runOnlyForDeploymentPostprocessing = 0;
		};
/* End PBXHeadersBuildPhase section */

/* Begin PBXNativeTarget section */
		27527E7B1D9ED55300C97B25 /* Music */ = {
			isa = PBXNativeTarget;
			buildConfigurationList = 27527E901D9ED55300C97B25 /* Build configuration list for PBXNativeTarget "Music" */;
			buildPhases = (
				27527E771D9ED55300C97B25 /* Sources */,
				27527E781D9ED55300C97B25 /* Frameworks */,
				27527E791D9ED55300C97B25 /* Headers */,
				27527E7A1D9ED55300C97B25 /* Resources */,
			);
			buildRules = (
			);
			dependencies = (
			);
			name = Music;
			productName = MusicStaffView;
			productReference = 27527E7C1D9ED55300C97B25 /* Music.framework */;
			productType = "com.apple.product-type.framework";
		};
		27527E841D9ED55300C97B25 /* MusicTests */ = {
			isa = PBXNativeTarget;
			buildConfigurationList = 27527E931D9ED55300C97B25 /* Build configuration list for PBXNativeTarget "MusicTests" */;
			buildPhases = (
				27527E811D9ED55300C97B25 /* Sources */,
				27527E821D9ED55300C97B25 /* Frameworks */,
				27527E831D9ED55300C97B25 /* Resources */,
			);
			buildRules = (
			);
			dependencies = (
				27527E881D9ED55300C97B25 /* PBXTargetDependency */,
			);
			name = MusicTests;
			productName = MusicStaffViewTests;
			productReference = 27527E851D9ED55300C97B25 /* MusicTests.xctest */;
			productType = "com.apple.product-type.bundle.unit-test";
		};
/* End PBXNativeTarget section */

/* Begin PBXProject section */
		27527E731D9ED55300C97B25 /* Project object */ = {
			isa = PBXProject;
			attributes = {
				LastSwiftUpdateCheck = 0800;
				LastUpgradeCheck = 0900;
				ORGANIZATIONNAME = "Mike Muszynski";
				TargetAttributes = {
					27527E7B1D9ED55300C97B25 = {
						CreatedOnToolsVersion = 8.0;
						DevelopmentTeam = DF288G8ZJ6;
						LastSwiftMigration = 0900;
						ProvisioningStyle = Automatic;
					};
					27527E841D9ED55300C97B25 = {
						CreatedOnToolsVersion = 8.0;
						DevelopmentTeam = DF288G8ZJ6;
						LastSwiftMigration = 0900;
						ProvisioningStyle = Automatic;
					};
				};
			};
			buildConfigurationList = 27527E761D9ED55300C97B25 /* Build configuration list for PBXProject "Music" */;
			compatibilityVersion = "Xcode 3.2";
			developmentRegion = English;
			hasScannedForEncodings = 0;
			knownRegions = (
				en,
			);
			mainGroup = 27527E721D9ED55300C97B25;
			productRefGroup = 27527E7D1D9ED55300C97B25 /* Products */;
			projectDirPath = "";
			projectRoot = "";
			targets = (
				27527E7B1D9ED55300C97B25 /* Music */,
				27527E841D9ED55300C97B25 /* MusicTests */,
			);
		};
/* End PBXProject section */

/* Begin PBXResourcesBuildPhase section */
		27527E7A1D9ED55300C97B25 /* Resources */ = {
			isa = PBXResourcesBuildPhase;
			buildActionMask = 2147483647;
			files = (
				27A3509D1E96E8D600344087 /* Info.plist in Resources */,
			);
			runOnlyForDeploymentPostprocessing = 0;
		};
		27527E831D9ED55300C97B25 /* Resources */ = {
			isa = PBXResourcesBuildPhase;
			buildActionMask = 2147483647;
			files = (
			);
			runOnlyForDeploymentPostprocessing = 0;
		};
/* End PBXResourcesBuildPhase section */

/* Begin PBXSourcesBuildPhase section */
		27527E771D9ED55300C97B25 /* Sources */ = {
			isa = PBXSourcesBuildPhase;
			buildActionMask = 2147483647;
			files = (
				27A3508F1E96E75B00344087 /* MusicPitchCollection.swift in Sources */,
				27A350901E96E75B00344087 /* MusicPitchName.swift in Sources */,
				27A350921E96E75B00344087 /* MusicScaleMode.swift in Sources */,
				27A350891E96E75B00344087 /* MusicKeySignature.swift in Sources */,
				27FCC9BD200C1CE2003991FA /* MusicTimeSignature.swift in Sources */,
				27A350841E96E75B00344087 /* MusicInterval+Equatable.swift in Sources */,
				27A350851E96E75B00344087 /* MusicIntervalError.swift in Sources */,
				275E65741EB61731006BAA07 /* MusicClef+Equatable.swift in Sources */,
				27B09D721FFD531B00EFEB0E /* MusicNote+Hashable.swift in Sources */,
				27A3508C1E96E75B00344087 /* MusicPitch.swift in Sources */,
				27A350931E96E75B00344087 /* MusicTransposable.swift in Sources */,
				27A350831E96E75B00344087 /* MusicInterval.swift in Sources */,
				27A3506D1E96E72300344087 /* MusicChordType+Equatable.swift in Sources */,
				27A350B21E96EB2900344087 /* MusicRhythm.swift in Sources */,
				27A3506A1E96E72300344087 /* MusicChord.swift in Sources */,
				27A350881E96E75B00344087 /* MusicIntervalRepresentable.swift in Sources */,
				27A3508D1E96E75B00344087 /* MusicPitch+Transposable.swift in Sources */,
				27A3508E1E96E75B00344087 /* MusicAccidental.swift in Sources */,
				27A3508A1E96E75B00344087 /* MusicPitchAccidental.swift in Sources */,
				27A350861E96E75B00344087 /* MusicIntervalQuality.swift in Sources */,
				27A3508B1E96E75B00344087 /* MusicNote.swift in Sources */,
				27B09D741FFD55F400EFEB0E /* MusicPitchExtensions.swift in Sources */,
				27A3506C1E96E72300344087 /* MusicChordType.swift in Sources */,
				27A3506F1E96E73900344087 /* MusicClef.swift in Sources */,
				27A350911E96E75B00344087 /* MusicScale.swift in Sources */,
				27A350871E96E75B00344087 /* MusicIntervalQuantity.swift in Sources */,
				27A3506B1E96E72300344087 /* MusicChord+Equatable.swift in Sources */,
			);
			runOnlyForDeploymentPostprocessing = 0;
		};
		27527E811D9ED55300C97B25 /* Sources */ = {
			isa = PBXSourcesBuildPhase;
			buildActionMask = 2147483647;
			files = (
				27A350A71E96E94800344087 /* MusicIntervalTests.swift in Sources */,
				27A350A61E96E94400344087 /* MusicChordTests.swift in Sources */,
				27A350A51E96E94000344087 /* MusicKeySignatureTests.swift in Sources */,
				27A350B01E96EAF000344087 /* MusicRhythmTests.swift in Sources */,
				27F8F0832017A8FB001B1CFD /* MusicTimeSignatureTests.swift in Sources */,
				27A350A91E96E95100344087 /* MusicPitchTests.swift in Sources */,
				27BB738F1FFD6BD1008A6EF8 /* MidiDecoderTests.swift in Sources */,
				27A350A81E96E94D00344087 /* MusicClefTests.swift in Sources */,
				27A350A41E96E93A00344087 /* MusicScaleTests.swift in Sources */,
			);
			runOnlyForDeploymentPostprocessing = 0;
		};
/* End PBXSourcesBuildPhase section */

/* Begin PBXTargetDependency section */
		27527E881D9ED55300C97B25 /* PBXTargetDependency */ = {
			isa = PBXTargetDependency;
			target = 27527E7B1D9ED55300C97B25 /* Music */;
			targetProxy = 27527E871D9ED55300C97B25 /* PBXContainerItemProxy */;
		};
/* End PBXTargetDependency section */

/* Begin XCBuildConfiguration section */
		274D4D7F1ED3412F0047AAF1 /* Profile */ = {
			isa = XCBuildConfiguration;
			buildSettings = {
				ALWAYS_EMBED_SWIFT_STANDARD_LIBRARIES = YES;
				ALWAYS_SEARCH_USER_PATHS = NO;
				CLANG_ANALYZER_NONNULL = YES;
				CLANG_CXX_LANGUAGE_STANDARD = "gnu++0x";
				CLANG_CXX_LIBRARY = "libc++";
				CLANG_ENABLE_MODULES = YES;
				CLANG_ENABLE_OBJC_ARC = YES;
				CLANG_WARN_BLOCK_CAPTURE_AUTORELEASING = YES;
				CLANG_WARN_BOOL_CONVERSION = YES;
				CLANG_WARN_COMMA = YES;
				CLANG_WARN_CONSTANT_CONVERSION = YES;
				CLANG_WARN_DIRECT_OBJC_ISA_USAGE = YES_ERROR;
				CLANG_WARN_DOCUMENTATION_COMMENTS = YES;
				CLANG_WARN_EMPTY_BODY = YES;
				CLANG_WARN_ENUM_CONVERSION = YES;
				CLANG_WARN_INFINITE_RECURSION = YES;
				CLANG_WARN_INT_CONVERSION = YES;
				CLANG_WARN_NON_LITERAL_NULL_CONVERSION = YES;
				CLANG_WARN_OBJC_LITERAL_CONVERSION = YES;
				CLANG_WARN_OBJC_ROOT_CLASS = YES_ERROR;
				CLANG_WARN_RANGE_LOOP_ANALYSIS = YES;
				CLANG_WARN_STRICT_PROTOTYPES = YES;
				CLANG_WARN_SUSPICIOUS_MOVE = YES;
				CLANG_WARN_SUSPICIOUS_MOVES = YES;
				CLANG_WARN_UNREACHABLE_CODE = YES;
				CLANG_WARN__DUPLICATE_METHOD_MATCH = YES;
				"CODE_SIGN_IDENTITY[sdk=iphoneos*]" = "iPhone Developer";
				COPY_PHASE_STRIP = NO;
				CURRENT_PROJECT_VERSION = 1;
				DEBUG_INFORMATION_FORMAT = "dwarf-with-dsym";
				ENABLE_NS_ASSERTIONS = NO;
				ENABLE_STRICT_OBJC_MSGSEND = YES;
				GCC_C_LANGUAGE_STANDARD = gnu99;
				GCC_NO_COMMON_BLOCKS = YES;
				GCC_WARN_64_TO_32_BIT_CONVERSION = YES;
				GCC_WARN_ABOUT_RETURN_TYPE = YES_ERROR;
				GCC_WARN_UNDECLARED_SELECTOR = YES;
				GCC_WARN_UNINITIALIZED_AUTOS = YES_AGGRESSIVE;
				GCC_WARN_UNUSED_FUNCTION = YES;
				GCC_WARN_UNUSED_VARIABLE = YES;
				IPHONEOS_DEPLOYMENT_TARGET = 8.0;
				MTL_ENABLE_DEBUG_INFO = NO;
				SDKROOT = iphoneos;
				SWIFT_OPTIMIZATION_LEVEL = "-Owholemodule";
				TARGETED_DEVICE_FAMILY = "1,2";
				VALIDATE_PRODUCT = YES;
				VERSIONING_SYSTEM = "apple-generic";
				VERSION_INFO_PREFIX = "";
			};
			name = Profile;
		};
		274D4D801ED3412F0047AAF1 /* Profile */ = {
			isa = XCBuildConfiguration;
			buildSettings = {
				ALWAYS_EMBED_SWIFT_STANDARD_LIBRARIES = NO;
				CLANG_ENABLE_MODULES = YES;
				CODE_SIGN_IDENTITY = "";
				DEFINES_MODULE = YES;
				DEVELOPMENT_TEAM = DF288G8ZJ6;
				DYLIB_COMPATIBILITY_VERSION = 1;
				DYLIB_CURRENT_VERSION = 1;
				DYLIB_INSTALL_NAME_BASE = "@rpath";
				EMBED_ASSET_PACKS_IN_PRODUCT_BUNDLE = NO;
				INFOPLIST_FILE = Music/Info.plist;
				INSTALL_PATH = "$(LOCAL_LIBRARY_DIR)/Frameworks";
				IPHONEOS_DEPLOYMENT_TARGET = 8.0;
				LD_RUNPATH_SEARCH_PATHS = "$(inherited) @executable_path/Frameworks @loader_path/Frameworks";
				PRODUCT_BUNDLE_IDENTIFIER = com.mmuszynski.Music;
				PRODUCT_NAME = "$(TARGET_NAME)";
				SKIP_INSTALL = YES;
				SWIFT_SWIFT3_OBJC_INFERENCE = Default;
				SWIFT_VERSION = 4.0;
			};
			name = Profile;
		};
		274D4D811ED3412F0047AAF1 /* Profile */ = {
			isa = XCBuildConfiguration;
			buildSettings = {
				ALWAYS_EMBED_SWIFT_STANDARD_LIBRARIES = YES;
				DEVELOPMENT_TEAM = DF288G8ZJ6;
				INFOPLIST_FILE = MusicTests/Info.plist;
				LD_RUNPATH_SEARCH_PATHS = "$(inherited) @executable_path/Frameworks @loader_path/Frameworks";
				PRODUCT_BUNDLE_IDENTIFIER = com.mmuszynski.MusicTests;
				PRODUCT_NAME = "$(TARGET_NAME)";
				SWIFT_SWIFT3_OBJC_INFERENCE = Default;
				SWIFT_VERSION = 4.0;
			};
			name = Profile;
		};
		27527E8E1D9ED55300C97B25 /* Debug */ = {
			isa = XCBuildConfiguration;
			buildSettings = {
				ALWAYS_EMBED_SWIFT_STANDARD_LIBRARIES = YES;
				ALWAYS_SEARCH_USER_PATHS = NO;
				CLANG_ANALYZER_NONNULL = YES;
				CLANG_CXX_LANGUAGE_STANDARD = "gnu++0x";
				CLANG_CXX_LIBRARY = "libc++";
				CLANG_ENABLE_MODULES = YES;
				CLANG_ENABLE_OBJC_ARC = YES;
				CLANG_WARN_BLOCK_CAPTURE_AUTORELEASING = YES;
				CLANG_WARN_BOOL_CONVERSION = YES;
				CLANG_WARN_COMMA = YES;
				CLANG_WARN_CONSTANT_CONVERSION = YES;
				CLANG_WARN_DIRECT_OBJC_ISA_USAGE = YES_ERROR;
				CLANG_WARN_DOCUMENTATION_COMMENTS = YES;
				CLANG_WARN_EMPTY_BODY = YES;
				CLANG_WARN_ENUM_CONVERSION = YES;
				CLANG_WARN_INFINITE_RECURSION = YES;
				CLANG_WARN_INT_CONVERSION = YES;
				CLANG_WARN_NON_LITERAL_NULL_CONVERSION = YES;
				CLANG_WARN_OBJC_LITERAL_CONVERSION = YES;
				CLANG_WARN_OBJC_ROOT_CLASS = YES_ERROR;
				CLANG_WARN_RANGE_LOOP_ANALYSIS = YES;
				CLANG_WARN_STRICT_PROTOTYPES = YES;
				CLANG_WARN_SUSPICIOUS_MOVE = YES;
				CLANG_WARN_SUSPICIOUS_MOVES = YES;
				CLANG_WARN_UNREACHABLE_CODE = YES;
				CLANG_WARN__DUPLICATE_METHOD_MATCH = YES;
				"CODE_SIGN_IDENTITY[sdk=iphoneos*]" = "iPhone Developer";
				COPY_PHASE_STRIP = NO;
				CURRENT_PROJECT_VERSION = 1;
				DEBUG_INFORMATION_FORMAT = dwarf;
				ENABLE_STRICT_OBJC_MSGSEND = YES;
				ENABLE_TESTABILITY = YES;
				GCC_C_LANGUAGE_STANDARD = gnu99;
				GCC_DYNAMIC_NO_PIC = NO;
				GCC_NO_COMMON_BLOCKS = YES;
				GCC_OPTIMIZATION_LEVEL = 0;
				GCC_PREPROCESSOR_DEFINITIONS = (
					"DEBUG=1",
					"$(inherited)",
				);
				GCC_WARN_64_TO_32_BIT_CONVERSION = YES;
				GCC_WARN_ABOUT_RETURN_TYPE = YES_ERROR;
				GCC_WARN_UNDECLARED_SELECTOR = YES;
				GCC_WARN_UNINITIALIZED_AUTOS = YES_AGGRESSIVE;
				GCC_WARN_UNUSED_FUNCTION = YES;
				GCC_WARN_UNUSED_VARIABLE = YES;
				IPHONEOS_DEPLOYMENT_TARGET = 8.0;
				MTL_ENABLE_DEBUG_INFO = YES;
				ONLY_ACTIVE_ARCH = YES;
				SDKROOT = iphoneos;
				SWIFT_ACTIVE_COMPILATION_CONDITIONS = DEBUG;
				SWIFT_OPTIMIZATION_LEVEL = "-Onone";
				TARGETED_DEVICE_FAMILY = "1,2";
				VERSIONING_SYSTEM = "apple-generic";
				VERSION_INFO_PREFIX = "";
			};
			name = Debug;
		};
		27527E8F1D9ED55300C97B25 /* Release */ = {
			isa = XCBuildConfiguration;
			buildSettings = {
				ALWAYS_EMBED_SWIFT_STANDARD_LIBRARIES = YES;
				ALWAYS_SEARCH_USER_PATHS = NO;
				CLANG_ANALYZER_NONNULL = YES;
				CLANG_CXX_LANGUAGE_STANDARD = "gnu++0x";
				CLANG_CXX_LIBRARY = "libc++";
				CLANG_ENABLE_MODULES = YES;
				CLANG_ENABLE_OBJC_ARC = YES;
				CLANG_WARN_BLOCK_CAPTURE_AUTORELEASING = YES;
				CLANG_WARN_BOOL_CONVERSION = YES;
				CLANG_WARN_COMMA = YES;
				CLANG_WARN_CONSTANT_CONVERSION = YES;
				CLANG_WARN_DIRECT_OBJC_ISA_USAGE = YES_ERROR;
				CLANG_WARN_DOCUMENTATION_COMMENTS = YES;
				CLANG_WARN_EMPTY_BODY = YES;
				CLANG_WARN_ENUM_CONVERSION = YES;
				CLANG_WARN_INFINITE_RECURSION = YES;
				CLANG_WARN_INT_CONVERSION = YES;
				CLANG_WARN_NON_LITERAL_NULL_CONVERSION = YES;
				CLANG_WARN_OBJC_LITERAL_CONVERSION = YES;
				CLANG_WARN_OBJC_ROOT_CLASS = YES_ERROR;
				CLANG_WARN_RANGE_LOOP_ANALYSIS = YES;
				CLANG_WARN_STRICT_PROTOTYPES = YES;
				CLANG_WARN_SUSPICIOUS_MOVE = YES;
				CLANG_WARN_SUSPICIOUS_MOVES = YES;
				CLANG_WARN_UNREACHABLE_CODE = YES;
				CLANG_WARN__DUPLICATE_METHOD_MATCH = YES;
				"CODE_SIGN_IDENTITY[sdk=iphoneos*]" = "iPhone Developer";
				COPY_PHASE_STRIP = NO;
				CURRENT_PROJECT_VERSION = 1;
				DEBUG_INFORMATION_FORMAT = "dwarf-with-dsym";
				ENABLE_NS_ASSERTIONS = NO;
				ENABLE_STRICT_OBJC_MSGSEND = YES;
				GCC_C_LANGUAGE_STANDARD = gnu99;
				GCC_NO_COMMON_BLOCKS = YES;
				GCC_WARN_64_TO_32_BIT_CONVERSION = YES;
				GCC_WARN_ABOUT_RETURN_TYPE = YES_ERROR;
				GCC_WARN_UNDECLARED_SELECTOR = YES;
				GCC_WARN_UNINITIALIZED_AUTOS = YES_AGGRESSIVE;
				GCC_WARN_UNUSED_FUNCTION = YES;
				GCC_WARN_UNUSED_VARIABLE = YES;
				IPHONEOS_DEPLOYMENT_TARGET = 8.0;
				MTL_ENABLE_DEBUG_INFO = NO;
				SDKROOT = iphoneos;
				SWIFT_OPTIMIZATION_LEVEL = "-Owholemodule";
				TARGETED_DEVICE_FAMILY = "1,2";
				VALIDATE_PRODUCT = YES;
				VERSIONING_SYSTEM = "apple-generic";
				VERSION_INFO_PREFIX = "";
			};
			name = Release;
		};
		27527E911D9ED55300C97B25 /* Debug */ = {
			isa = XCBuildConfiguration;
			buildSettings = {
				ALWAYS_EMBED_SWIFT_STANDARD_LIBRARIES = NO;
				CLANG_ENABLE_MODULES = YES;
				CODE_SIGN_IDENTITY = "";
				DEFINES_MODULE = YES;
				DEVELOPMENT_TEAM = DF288G8ZJ6;
				DYLIB_COMPATIBILITY_VERSION = 1;
				DYLIB_CURRENT_VERSION = 1;
				DYLIB_INSTALL_NAME_BASE = "@rpath";
				EMBED_ASSET_PACKS_IN_PRODUCT_BUNDLE = NO;
				INFOPLIST_FILE = Music/Info.plist;
				INSTALL_PATH = "$(LOCAL_LIBRARY_DIR)/Frameworks";
				IPHONEOS_DEPLOYMENT_TARGET = 8.0;
				LD_RUNPATH_SEARCH_PATHS = "$(inherited) @executable_path/Frameworks @loader_path/Frameworks";
				PRODUCT_BUNDLE_IDENTIFIER = com.mmuszynski.Music;
				PRODUCT_NAME = "$(TARGET_NAME)";
				SKIP_INSTALL = YES;
				SWIFT_OPTIMIZATION_LEVEL = "-Onone";
				SWIFT_SWIFT3_OBJC_INFERENCE = Default;
				SWIFT_VERSION = 4.0;
			};
			name = Debug;
		};
		27527E921D9ED55300C97B25 /* Release */ = {
			isa = XCBuildConfiguration;
			buildSettings = {
				ALWAYS_EMBED_SWIFT_STANDARD_LIBRARIES = NO;
				CLANG_ENABLE_MODULES = YES;
				CODE_SIGN_IDENTITY = "";
				DEFINES_MODULE = YES;
				DEVELOPMENT_TEAM = DF288G8ZJ6;
				DYLIB_COMPATIBILITY_VERSION = 1;
				DYLIB_CURRENT_VERSION = 1;
				DYLIB_INSTALL_NAME_BASE = "@rpath";
				EMBED_ASSET_PACKS_IN_PRODUCT_BUNDLE = NO;
				INFOPLIST_FILE = Music/Info.plist;
				INSTALL_PATH = "$(LOCAL_LIBRARY_DIR)/Frameworks";
				IPHONEOS_DEPLOYMENT_TARGET = 8.0;
				LD_RUNPATH_SEARCH_PATHS = "$(inherited) @executable_path/Frameworks @loader_path/Frameworks";
				PRODUCT_BUNDLE_IDENTIFIER = com.mmuszynski.Music;
				PRODUCT_NAME = "$(TARGET_NAME)";
				SKIP_INSTALL = YES;
				SWIFT_SWIFT3_OBJC_INFERENCE = Default;
				SWIFT_VERSION = 4.0;
			};
			name = Release;
		};
		27527E941D9ED55300C97B25 /* Debug */ = {
			isa = XCBuildConfiguration;
			buildSettings = {
				ALWAYS_EMBED_SWIFT_STANDARD_LIBRARIES = YES;
				DEVELOPMENT_TEAM = DF288G8ZJ6;
				INFOPLIST_FILE = MusicTests/Info.plist;
				LD_RUNPATH_SEARCH_PATHS = "$(inherited) @executable_path/Frameworks @loader_path/Frameworks";
				PRODUCT_BUNDLE_IDENTIFIER = com.mmuszynski.MusicTests;
				PRODUCT_NAME = "$(TARGET_NAME)";
				SWIFT_SWIFT3_OBJC_INFERENCE = Default;
				SWIFT_VERSION = 4.0;
			};
			name = Debug;
		};
		27527E951D9ED55300C97B25 /* Release */ = {
			isa = XCBuildConfiguration;
			buildSettings = {
				ALWAYS_EMBED_SWIFT_STANDARD_LIBRARIES = YES;
				DEVELOPMENT_TEAM = DF288G8ZJ6;
				INFOPLIST_FILE = MusicTests/Info.plist;
				LD_RUNPATH_SEARCH_PATHS = "$(inherited) @executable_path/Frameworks @loader_path/Frameworks";
				PRODUCT_BUNDLE_IDENTIFIER = com.mmuszynski.MusicTests;
				PRODUCT_NAME = "$(TARGET_NAME)";
				SWIFT_SWIFT3_OBJC_INFERENCE = Default;
				SWIFT_VERSION = 4.0;
			};
			name = Release;
		};
/* End XCBuildConfiguration section */

/* Begin XCConfigurationList section */
		27527E761D9ED55300C97B25 /* Build configuration list for PBXProject "Music" */ = {
			isa = XCConfigurationList;
			buildConfigurations = (
				27527E8E1D9ED55300C97B25 /* Debug */,
				27527E8F1D9ED55300C97B25 /* Release */,
				274D4D7F1ED3412F0047AAF1 /* Profile */,
			);
			defaultConfigurationIsVisible = 0;
			defaultConfigurationName = Release;
		};
		27527E901D9ED55300C97B25 /* Build configuration list for PBXNativeTarget "Music" */ = {
			isa = XCConfigurationList;
			buildConfigurations = (
				27527E911D9ED55300C97B25 /* Debug */,
				27527E921D9ED55300C97B25 /* Release */,
				274D4D801ED3412F0047AAF1 /* Profile */,
			);
			defaultConfigurationIsVisible = 0;
			defaultConfigurationName = Release;
		};
		27527E931D9ED55300C97B25 /* Build configuration list for PBXNativeTarget "MusicTests" */ = {
			isa = XCConfigurationList;
			buildConfigurations = (
				27527E941D9ED55300C97B25 /* Debug */,
				27527E951D9ED55300C97B25 /* Release */,
				274D4D811ED3412F0047AAF1 /* Profile */,
			);
			defaultConfigurationIsVisible = 0;
			defaultConfigurationName = Release;
		};
/* End XCConfigurationList section */
	};
	rootObject = 27527E731D9ED55300C97B25 /* Project object */;
}
